
Microsoft Visual Studio Solution File, Format Version 12.00
# Visual Studio Version 17
VisualStudioVersion = 17.4.33213.308
MinimumVisualStudioVersion = 10.0.40219.1
Project("{FAE04EC0-301F-11D3-BF4B-00C04F79EFBC}") = "threadRaceConsole", "threadRaceConsole\threadRaceConsole.csproj", "{870804A3-4806-4452-915F-54E7402BF006}"
EndProject
Global
	GlobalSection(SolutionConfigurationPlatforms) = preSolution
		Debug|Any CPU = Debug|Any CPU
		Release|Any CPU = Release|Any CPU
	EndGlobalSection
	GlobalSection(ProjectConfigurationPlatforms) = postSolution
		{870804A3-4806-4452-915F-54E7402BF006}.Debug|Any CPU.ActiveCfg = Debug|Any CPU
		{870804A3-4806-4452-915F-54E7402BF006}.Debug|Any CPU.Build.0 = Debug|Any CPU
		{870804A3-4806-4452-915F-54E7402BF006}.Release|Any CPU.ActiveCfg = Release|Any CPU
		{870804A3-4806-4452-915F-54E7402BF006}.Release|Any CPU.Build.0 = Release|Any CPU
	EndGlobalSection
	GlobalSection(SolutionProperties) = preSolution
		HideSolutionNode = FALSE
	EndGlobalSection
	GlobalSection(ExtensibilityGlobals) = postSolution
		SolutionGuid = {F18CE17D-5E20-4607-85C7-2785BB8DEFF6}
	EndGlobalSection
EndGlobal
